
Microsoft Visual Studio Solution File, Format Version 12.00
# Visual Studio Version 16
VisualStudioVersion = 16.0.29230.47
MinimumVisualStudioVersion = 10.0.40219.1
Project("{FAE04EC0-301F-11D3-BF4B-00C04F79EFBC}") = "UltimateTicTacToe", "UltimateTicTacToe\UltimateTicTacToe.csproj", "{88F2C0AE-D798-44CD-BED6-42C8F6DC93D0}"
EndProject
Global
	GlobalSection(SolutionConfigurationPlatforms) = preSolution
		Debug|Any CPU = Debug|Any CPU
		Release|Any CPU = Release|Any CPU
	EndGlobalSection
	GlobalSection(ProjectConfigurationPlatforms) = postSolution
		{88F2C0AE-D798-44CD-BED6-42C8F6DC93D0}.Debug|Any CPU.ActiveCfg = Debug|Any CPU
		{88F2C0AE-D798-44CD-BED6-42C8F6DC93D0}.Debug|Any CPU.Build.0 = Debug|Any CPU
		{88F2C0AE-D798-44CD-BED6-42C8F6DC93D0}.Release|Any CPU.ActiveCfg = Release|Any CPU
		{88F2C0AE-D798-44CD-BED6-42C8F6DC93D0}.Release|Any CPU.Build.0 = Release|Any CPU
	EndGlobalSection
	GlobalSection(SolutionProperties) = preSolution
		HideSolutionNode = FALSE
	EndGlobalSection
	GlobalSection(ExtensibilityGlobals) = postSolution
		SolutionGuid = {890F3A29-688F-412B-8DA4-A7D2CEDC7A67}
	EndGlobalSection
EndGlobal
